
Microsoft Visual Studio Solution File, Format Version 12.00
# Visual Studio Version 17
VisualStudioVersion = 17.4.33205.214
MinimumVisualStudioVersion = 10.0.40219.1
Project("{FAE04EC0-301F-11D3-BF4B-00C04F79EFBC}") = "gui-app", "gui-app\gui-app.csproj", "{69A3434D-D587-4EBE-A0ED-1BE61AA62A91}"
EndProject
Global
	GlobalSection(SolutionConfigurationPlatforms) = preSolution
		Debug|Any CPU = Debug|Any CPU
		Release|Any CPU = Release|Any CPU
	EndGlobalSection
	GlobalSection(ProjectConfigurationPlatforms) = postSolution
		{69A3434D-D587-4EBE-A0ED-1BE61AA62A91}.Debug|Any CPU.ActiveCfg = Debug|Any CPU
		{69A3434D-D587-4EBE-A0ED-1BE61AA62A91}.Debug|Any CPU.Build.0 = Debug|Any CPU
		{69A3434D-D587-4EBE-A0ED-1BE61AA62A91}.Release|Any CPU.ActiveCfg = Release|Any CPU
		{69A3434D-D587-4EBE-A0ED-1BE61AA62A91}.Release|Any CPU.Build.0 = Release|Any CPU
	EndGlobalSection
	GlobalSection(SolutionProperties) = preSolution
		HideSolutionNode = FALSE
	EndGlobalSection
	GlobalSection(ExtensibilityGlobals) = postSolution
		SolutionGuid = {37BDA0A1-EE87-4362-9CEC-FB6F9AF55E76}
	EndGlobalSection
EndGlobal
